
Microsoft Visual Studio Solution File, Format Version 12.00
# Visual Studio Version 16
VisualStudioVersion = 25.0.1704.1
MinimumVisualStudioVersion = 10.0.40219.1
Project("{FAE04EC0-301F-11D3-BF4B-00C04F79EFBC}") = "analytics-dashboard", "analytics-dashboard\analytics-dashboard.csproj", "{B3FCDE34-C655-4705-A9FF-53700897925D}"
EndProject
Project("{FAE04EC0-301F-11D3-BF4B-00C04F79EFBC}") = "event-consumer", "event-consumer\event-consumer.csproj", "{27BDA956-8771-4689-9DE5-78D2F766905A}"
EndProject
Project("{FAE04EC0-301F-11D3-BF4B-00C04F79EFBC}") = "library", "library\library.csproj", "{BAD5E147-CC55-459D-9DEE-5062543C6716}"
EndProject
Global
	GlobalSection(SolutionConfigurationPlatforms) = preSolution
		Debug|Any CPU = Debug|Any CPU
		Release|Any CPU = Release|Any CPU
	EndGlobalSection
	GlobalSection(ProjectConfigurationPlatforms) = postSolution
		{B3FCDE34-C655-4705-A9FF-53700897925D}.Debug|Any CPU.ActiveCfg = Debug|Any CPU
		{B3FCDE34-C655-4705-A9FF-53700897925D}.Debug|Any CPU.Build.0 = Debug|Any CPU
		{B3FCDE34-C655-4705-A9FF-53700897925D}.Release|Any CPU.ActiveCfg = Release|Any CPU
		{B3FCDE34-C655-4705-A9FF-53700897925D}.Release|Any CPU.Build.0 = Release|Any CPU
		{27BDA956-8771-4689-9DE5-78D2F766905A}.Debug|Any CPU.ActiveCfg = Debug|Any CPU
		{27BDA956-8771-4689-9DE5-78D2F766905A}.Debug|Any CPU.Build.0 = Debug|Any CPU
		{27BDA956-8771-4689-9DE5-78D2F766905A}.Release|Any CPU.ActiveCfg = Release|Any CPU
		{27BDA956-8771-4689-9DE5-78D2F766905A}.Release|Any CPU.Build.0 = Release|Any CPU
		{BAD5E147-CC55-459D-9DEE-5062543C6716}.Debug|Any CPU.ActiveCfg = Debug|Any CPU
		{BAD5E147-CC55-459D-9DEE-5062543C6716}.Debug|Any CPU.Build.0 = Debug|Any CPU
		{BAD5E147-CC55-459D-9DEE-5062543C6716}.Release|Any CPU.ActiveCfg = Release|Any CPU
		{BAD5E147-CC55-459D-9DEE-5062543C6716}.Release|Any CPU.Build.0 = Release|Any CPU
	EndGlobalSection
	GlobalSection(SolutionProperties) = preSolution
		HideSolutionNode = FALSE
	EndGlobalSection
	GlobalSection(ExtensibilityGlobals) = postSolution
		SolutionGuid = {ED0EEB4C-2066-4449-A5C2-7E5EE498732B}
	EndGlobalSection
EndGlobal
